
Microsoft Visual Studio Solution File, Format Version 12.00
# Visual Studio Version 16
VisualStudioVersion = 16.0.30413.136
MinimumVisualStudioVersion = 10.0.40219.1
Project("{FAE04EC0-301F-11D3-BF4B-00C04F79EFBC}") = "WebAppNewGithub", "WebAppNewGithub\WebAppNewGithub.csproj", "{DD9E740A-5481-431B-8472-BDED08F4704A}"
EndProject
Global
	GlobalSection(SolutionConfigurationPlatforms) = preSolution
		Debug|Any CPU = Debug|Any CPU
		Release|Any CPU = Release|Any CPU
	EndGlobalSection
	GlobalSection(ProjectConfigurationPlatforms) = postSolution
		{DD9E740A-5481-431B-8472-BDED08F4704A}.Debug|Any CPU.ActiveCfg = Debug|Any CPU
		{DD9E740A-5481-431B-8472-BDED08F4704A}.Debug|Any CPU.Build.0 = Debug|Any CPU
		{DD9E740A-5481-431B-8472-BDED08F4704A}.Release|Any CPU.ActiveCfg = Release|Any CPU
		{DD9E740A-5481-431B-8472-BDED08F4704A}.Release|Any CPU.Build.0 = Release|Any CPU
	EndGlobalSection
	GlobalSection(SolutionProperties) = preSolution
		HideSolutionNode = FALSE
	EndGlobalSection
	GlobalSection(ExtensibilityGlobals) = postSolution
		SolutionGuid = {83BB98B4-6341-4AC6-AD32-803256F59932}
	EndGlobalSection
EndGlobal
